# This file was autogenerated by Stack.
# You should not edit this file by hand.
# For more information, please see the documentation at:
#   https://docs.haskellstack.org/en/stable/lock_files

packages:
- completed:
    hackage: Chart-1.9.3@sha256:e6b361fc7323e0a3e17f54f298f0fbc32decf90ede28ae670478b2aff4cf57bc,2857
    pantry-tree:
      size: 3031
      sha256: 60aff1107c01908f111e311dd12e7ab97137fb3f7aae83198ed35b61cfc1f764
  original:
    hackage: Chart-1.9.3
- completed:
    hackage: cassava-0.5.2.0@sha256:02ea4a22a6fcee972e57589f9764abff7c533aaffe18f46bdf0b795cbfd554bf,5742
    pantry-tree:
      size: 1551
      sha256: ad15dd3bc26715f8123d5fda741dfd9a10e383c4ec7c7f6adbe4533f3175bff3
  original:
    hackage: cassava-0.5.2.0
snapshots:
- completed:
    size: 523541
    url: https://raw.githubusercontent.com/commercialhaskell/stackage-snapshots/master/lts/14/23.yaml
    sha256: f761fe419a1a44fc3ef47f5bfb1853304d13320fc72b45d2798c08d21dabc23c
  original: lts-14.23
